
Microsoft Visual Studio Solution File, Format Version 12.00
# Visual Studio Version 17
VisualStudioVersion = 17.7.34024.191
MinimumVisualStudioVersion = 10.0.40219.1
Project("{FAE04EC0-301F-11D3-BF4B-00C04F79EFBC}") = "may_tinh", "may_tinh\may_tinh.csproj", "{EBA11D52-34C8-4B6E-B154-7593773CF9C0}"
EndProject
Global
	GlobalSection(SolutionConfigurationPlatforms) = preSolution
		Debug|Any CPU = Debug|Any CPU
		Release|Any CPU = Release|Any CPU
	EndGlobalSection
	GlobalSection(ProjectConfigurationPlatforms) = postSolution
		{EBA11D52-34C8-4B6E-B154-7593773CF9C0}.Debug|Any CPU.ActiveCfg = Debug|Any CPU
		{EBA11D52-34C8-4B6E-B154-7593773CF9C0}.Debug|Any CPU.Build.0 = Debug|Any CPU
		{EBA11D52-34C8-4B6E-B154-7593773CF9C0}.Release|Any CPU.ActiveCfg = Release|Any CPU
		{EBA11D52-34C8-4B6E-B154-7593773CF9C0}.Release|Any CPU.Build.0 = Release|Any CPU
	EndGlobalSection
	GlobalSection(SolutionProperties) = preSolution
		HideSolutionNode = FALSE
	EndGlobalSection
	GlobalSection(ExtensibilityGlobals) = postSolution
		SolutionGuid = {F88D4F0F-12FD-491D-9287-BF2B4BB3D6CF}
	EndGlobalSection
EndGlobal
